
Microsoft Visual Studio Solution File, Format Version 12.00
# Visual Studio Version 17
VisualStudioVersion = 17.9.34607.119
MinimumVisualStudioVersion = 10.0.40219.1
Project("{FAE04EC0-301F-11D3-BF4B-00C04F79EFBC}") = "OpenGL_Test", "OpenGL_Test\OpenGL_Test.csproj", "{CFADB470-2FE0-4E6A-9682-40600FAB6E0D}"
EndProject
Global
	GlobalSection(SolutionConfigurationPlatforms) = preSolution
		Debug|Any CPU = Debug|Any CPU
		Release|Any CPU = Release|Any CPU
	EndGlobalSection
	GlobalSection(ProjectConfigurationPlatforms) = postSolution
		{CFADB470-2FE0-4E6A-9682-40600FAB6E0D}.Debug|Any CPU.ActiveCfg = Debug|Any CPU
		{CFADB470-2FE0-4E6A-9682-40600FAB6E0D}.Debug|Any CPU.Build.0 = Debug|Any CPU
		{CFADB470-2FE0-4E6A-9682-40600FAB6E0D}.Release|Any CPU.ActiveCfg = Release|Any CPU
		{CFADB470-2FE0-4E6A-9682-40600FAB6E0D}.Release|Any CPU.Build.0 = Release|Any CPU
	EndGlobalSection
	GlobalSection(SolutionProperties) = preSolution
		HideSolutionNode = FALSE
	EndGlobalSection
	GlobalSection(ExtensibilityGlobals) = postSolution
		SolutionGuid = {6D8107C2-BD91-4ADC-8CFE-B4280B4A8A60}
	EndGlobalSection
EndGlobal
